
Microsoft Visual Studio Solution File, Format Version 12.00
# Visual Studio Version 16
VisualStudioVersion = 16.0.29806.167
MinimumVisualStudioVersion = 10.0.40219.1
Project("{FAE04EC0-301F-11D3-BF4B-00C04F79EFBC}") = "day3_loops", "day3_loops\day3_loops.csproj", "{5A3E5CFA-CB72-49DD-A505-8DA52BC88E20}"
EndProject
Global
	GlobalSection(SolutionConfigurationPlatforms) = preSolution
		Debug|Any CPU = Debug|Any CPU
		Release|Any CPU = Release|Any CPU
	EndGlobalSection
	GlobalSection(ProjectConfigurationPlatforms) = postSolution
		{5A3E5CFA-CB72-49DD-A505-8DA52BC88E20}.Debug|Any CPU.ActiveCfg = Debug|Any CPU
		{5A3E5CFA-CB72-49DD-A505-8DA52BC88E20}.Debug|Any CPU.Build.0 = Debug|Any CPU
		{5A3E5CFA-CB72-49DD-A505-8DA52BC88E20}.Release|Any CPU.ActiveCfg = Release|Any CPU
		{5A3E5CFA-CB72-49DD-A505-8DA52BC88E20}.Release|Any CPU.Build.0 = Release|Any CPU
	EndGlobalSection
	GlobalSection(SolutionProperties) = preSolution
		HideSolutionNode = FALSE
	EndGlobalSection
	GlobalSection(ExtensibilityGlobals) = postSolution
		SolutionGuid = {45455D02-5983-40F6-B381-A065CCA431E9}
	EndGlobalSection
EndGlobal
