
Microsoft Visual Studio Solution File, Format Version 12.00
# Visual Studio Version 16
VisualStudioVersion = 16.0.29806.167
MinimumVisualStudioVersion = 10.0.40219.1
Project("{9A19103F-16F7-4668-BE54-9A1E7A4F7556}") = "day11_OOP", "day11_MD\day11_OOP.csproj", "{1011A5FA-C5A4-4972-BE72-D11A53E9AD3B}"
EndProject
Global
	GlobalSection(SolutionConfigurationPlatforms) = preSolution
		Debug|Any CPU = Debug|Any CPU
		Release|Any CPU = Release|Any CPU
	EndGlobalSection
	GlobalSection(ProjectConfigurationPlatforms) = postSolution
		{1011A5FA-C5A4-4972-BE72-D11A53E9AD3B}.Debug|Any CPU.ActiveCfg = Debug|Any CPU
		{1011A5FA-C5A4-4972-BE72-D11A53E9AD3B}.Debug|Any CPU.Build.0 = Debug|Any CPU
		{1011A5FA-C5A4-4972-BE72-D11A53E9AD3B}.Release|Any CPU.ActiveCfg = Release|Any CPU
		{1011A5FA-C5A4-4972-BE72-D11A53E9AD3B}.Release|Any CPU.Build.0 = Release|Any CPU
	EndGlobalSection
	GlobalSection(SolutionProperties) = preSolution
		HideSolutionNode = FALSE
	EndGlobalSection
	GlobalSection(ExtensibilityGlobals) = postSolution
		SolutionGuid = {AE861705-5AF2-4E46-A011-76F0DA6BCBAA}
	EndGlobalSection
EndGlobal
