
Microsoft Visual Studio Solution File, Format Version 12.00
# Visual Studio Version 16
VisualStudioVersion = 16.0.30128.74
MinimumVisualStudioVersion = 10.0.40219.1
Project("{FAE04EC0-301F-11D3-BF4B-00C04F79EFBC}") = "RigaCodingSchool_GalaDarbs", "RigaCodingSchool_GalaDarbs\RigaCodingSchool_GalaDarbs.csproj", "{4E1C45A3-2814-4F9A-A46A-4C5D2AB19166}"
EndProject
Global
	GlobalSection(SolutionConfigurationPlatforms) = preSolution
		Debug|Any CPU = Debug|Any CPU
		Release|Any CPU = Release|Any CPU
	EndGlobalSection
	GlobalSection(ProjectConfigurationPlatforms) = postSolution
		{4E1C45A3-2814-4F9A-A46A-4C5D2AB19166}.Debug|Any CPU.ActiveCfg = Debug|Any CPU
		{4E1C45A3-2814-4F9A-A46A-4C5D2AB19166}.Debug|Any CPU.Build.0 = Debug|Any CPU
		{4E1C45A3-2814-4F9A-A46A-4C5D2AB19166}.Release|Any CPU.ActiveCfg = Release|Any CPU
		{4E1C45A3-2814-4F9A-A46A-4C5D2AB19166}.Release|Any CPU.Build.0 = Release|Any CPU
	EndGlobalSection
	GlobalSection(SolutionProperties) = preSolution
		HideSolutionNode = FALSE
	EndGlobalSection
	GlobalSection(ExtensibilityGlobals) = postSolution
		SolutionGuid = {030AAFA3-F287-40BC-980A-0DB8CD4F4FE3}
	EndGlobalSection
EndGlobal
